
Microsoft Visual Studio Solution File, Format Version 12.00
# Visual Studio Version 16
VisualStudioVersion = 16.0.29009.5
MinimumVisualStudioVersion = 10.0.40219.1
Project("{FAE04EC0-301F-11D3-BF4B-00C04F79EFBC}") = "CodedUITestProject6", "CodedUITestProject6\CodedUITestProject6.csproj", "{F059D166-569B-4E75-A779-DBEC69DD7E89}"
EndProject
Project("{2150E333-8FDC-42A3-9474-1A3956D46DE8}") = "Solution Items", "Solution Items", "{CB94FBAA-EA99-493E-A9C2-83255E049B5E}"
EndProject
Global
	GlobalSection(SolutionConfigurationPlatforms) = preSolution
		Debug|Any CPU = Debug|Any CPU
		Release|Any CPU = Release|Any CPU
	EndGlobalSection
	GlobalSection(ProjectConfigurationPlatforms) = postSolution
		{F059D166-569B-4E75-A779-DBEC69DD7E89}.Debug|Any CPU.ActiveCfg = Debug|Any CPU
		{F059D166-569B-4E75-A779-DBEC69DD7E89}.Debug|Any CPU.Build.0 = Debug|Any CPU
		{F059D166-569B-4E75-A779-DBEC69DD7E89}.Release|Any CPU.ActiveCfg = Release|Any CPU
		{F059D166-569B-4E75-A779-DBEC69DD7E89}.Release|Any CPU.Build.0 = Release|Any CPU
	EndGlobalSection
	GlobalSection(SolutionProperties) = preSolution
		HideSolutionNode = FALSE
	EndGlobalSection
	GlobalSection(ExtensibilityGlobals) = postSolution
		SolutionGuid = {573B03AC-12C8-4194-8ECE-CBDA9EE69672}
	EndGlobalSection
EndGlobal
